// !$*UTF8*$!
{
	archiveVersion = 1;
	classes = {
	};
	objectVersion = 55;
	objects = {

/* Begin PBXBuildFile section */
		1824EE1F27C8F22A003ECB86 /* AppDelegate.swift in Sources */ = {isa = PBXBuildFile; fileRef = 1824EE1E27C8F22A003ECB86 /* AppDelegate.swift */; };
		1824EE2127C8F22A003ECB86 /* SceneDelegate.swift in Sources */ = {isa = PBXBuildFile; fileRef = 1824EE2027C8F22A003ECB86 /* SceneDelegate.swift */; };
		1824EE2627C8F22A003ECB86 /* Main.storyboard in Resources */ = {isa = PBXBuildFile; fileRef = 1824EE2427C8F22A003ECB86 /* Main.storyboard */; };
		1824EE2827C8F22C003ECB86 /* Assets.xcassets in Resources */ = {isa = PBXBuildFile; fileRef = 1824EE2727C8F22C003ECB86 /* Assets.xcassets */; };
		1824EE2B27C8F22C003ECB86 /* LaunchScreen.storyboard in Resources */ = {isa = PBXBuildFile; fileRef = 1824EE2927C8F22C003ECB86 /* LaunchScreen.storyboard */; };
		1878B00A28AA7356006158AB /* CustomViewController.swift in Sources */ = {isa = PBXBuildFile; fileRef = 1878B00928AA7356006158AB /* CustomViewController.swift */; };
		1878B00D28AA73FD006158AB /* CustomCollectionViewCell.swift in Sources */ = {isa = PBXBuildFile; fileRef = 1878B00B28AA73FD006158AB /* CustomCollectionViewCell.swift */; };
		1878B00E28AA73FD006158AB /* CustomCollectionViewCell.xib in Resources */ = {isa = PBXBuildFile; fileRef = 1878B00C28AA73FD006158AB /* CustomCollectionViewCell.xib */; };
		1878B01128AA96D1006158AB /* document.json in Resources */ = {isa = PBXBuildFile; fileRef = 1878B01028AA96D1006158AB /* document.json */; };
		1878B01328AA970D006158AB /* DataModel.swift in Sources */ = {isa = PBXBuildFile; fileRef = 1878B01228AA970D006158AB /* DataModel.swift */; };
		1878B01628AAA68C006158AB /* HeaderCell.swift in Sources */ = {isa = PBXBuildFile; fileRef = 1878B01428AAA68C006158AB /* HeaderCell.swift */; };
		1878B01728AAA68C006158AB /* HeaderCell.xib in Resources */ = {isa = PBXBuildFile; fileRef = 1878B01528AAA68C006158AB /* HeaderCell.xib */; };
		1878B01E28AB71FF006158AB /* CommonFunction.swift in Sources */ = {isa = PBXBuildFile; fileRef = 1878B01D28AB71FF006158AB /* CommonFunction.swift */; };
/* End PBXBuildFile section */

/* Begin PBXFileReference section */
		1824EE1B27C8F22A003ECB86 /* CollectionViewCompositionLayout.app */ = {isa = PBXFileReference; explicitFileType = wrapper.application; includeInIndex = 0; path = CollectionViewCompositionLayout.app; sourceTree = BUILT_PRODUCTS_DIR; };
		1824EE1E27C8F22A003ECB86 /* AppDelegate.swift */ = {isa = PBXFileReference; lastKnownFileType = sourcecode.swift; path = AppDelegate.swift; sourceTree = "<group>"; };
		1824EE2027C8F22A003ECB86 /* SceneDelegate.swift */ = {isa = PBXFileReference; lastKnownFileType = sourcecode.swift; path = SceneDelegate.swift; sourceTree = "<group>"; };
		1824EE2527C8F22A003ECB86 /* Base */ = {isa = PBXFileReference; lastKnownFileType = file.storyboard; name = Base; path = Base.lproj/Main.storyboard; sourceTree = "<group>"; };
		1824EE2727C8F22C003ECB86 /* Assets.xcassets */ = {isa = PBXFileReference; lastKnownFileType = folder.assetcatalog; path = Assets.xcassets; sourceTree = "<group>"; };
		1824EE2A27C8F22C003ECB86 /* Base */ = {isa = PBXFileReference; lastKnownFileType = file.storyboard; name = Base; path = Base.lproj/LaunchScreen.storyboard; sourceTree = "<group>"; };
		1824EE2C27C8F22C003ECB86 /* Info.plist */ = {isa = PBXFileReference; lastKnownFileType = text.plist.xml; path = Info.plist; sourceTree = "<group>"; };
		1878B00928AA7356006158AB /* CustomViewController.swift */ = {isa = PBXFileReference; lastKnownFileType = sourcecode.swift; path = CustomViewController.swift; sourceTree = "<group>"; };
		1878B00B28AA73FD006158AB /* CustomCollectionViewCell.swift */ = {isa = PBXFileReference; lastKnownFileType = sourcecode.swift; path = CustomCollectionViewCell.swift; sourceTree = "<group>"; };
		1878B00C28AA73FD006158AB /* CustomCollectionViewCell.xib */ = {isa = PBXFileReference; lastKnownFileType = file.xib; path = CustomCollectionViewCell.xib; sourceTree = "<group>"; };
		1878B01028AA96D1006158AB /* document.json */ = {isa = PBXFileReference; fileEncoding = 4; lastKnownFileType = text.json; path = document.json; sourceTree = "<group>"; };
		1878B01228AA970D006158AB /* DataModel.swift */ = {isa = PBXFileReference; lastKnownFileType = sourcecode.swift; path = DataModel.swift; sourceTree = "<group>"; };
		1878B01428AAA68C006158AB /* HeaderCell.swift */ = {isa = PBXFileReference; lastKnownFileType = sourcecode.swift; path = HeaderCell.swift; sourceTree = "<group>"; };
		1878B01528AAA68C006158AB /* HeaderCell.xib */ = {isa = PBXFileReference; lastKnownFileType = file.xib; path = HeaderCell.xib; sourceTree = "<group>"; };
		1878B01D28AB71FF006158AB /* CommonFunction.swift */ = {isa = PBXFileReference; lastKnownFileType = sourcecode.swift; path = CommonFunction.swift; sourceTree = "<group>"; };
/* End PBXFileReference section */

/* Begin PBXFrameworksBuildPhase section */
		1824EE1827C8F22A003ECB86 /* Frameworks */ = {
			isa = PBXFrameworksBuildPhase;
			buildActionMask = 2147483647;
			files = (
			);
			runOnlyForDeploymentPostprocessing = 0;
		};
/* End PBXFrameworksBuildPhase section */

/* Begin PBXGroup section */
		1824EE1227C8F22A003ECB86 = {
			isa = PBXGroup;
			children = (
				1824EE1D27C8F22A003ECB86 /* CollectionViewCompositionLayout */,
				1824EE1C27C8F22A003ECB86 /* Products */,
			);
			sourceTree = "<group>";
		};
		1824EE1C27C8F22A003ECB86 /* Products */ = {
			isa = PBXGroup;
			children = (
				1824EE1B27C8F22A003ECB86 /* CollectionViewCompositionLayout.app */,
			);
			name = Products;
			sourceTree = "<group>";
		};
		1824EE1D27C8F22A003ECB86 /* CollectionViewCompositionLayout */ = {
			isa = PBXGroup;
			children = (
				1878B01C28AB71E8006158AB /* Common */,
				1878B01B28AB717A006158AB /* Application */,
				1878B01A28AB7174006158AB /* Controller */,
				1878B01928AB716F006158AB /* View */,
				1878B01828AB716B006158AB /* Model */,
				1878B00F28AA96C5006158AB /* JsonFile */,
			);
			path = CollectionViewCompositionLayout;
			sourceTree = "<group>";
		};
		1824EE3227C8F251003ECB86 /* Cell */ = {
			isa = PBXGroup;
			children = (
				1878B00B28AA73FD006158AB /* CustomCollectionViewCell.swift */,
				1878B00C28AA73FD006158AB /* CustomCollectionViewCell.xib */,
				1878B01428AAA68C006158AB /* HeaderCell.swift */,
				1878B01528AAA68C006158AB /* HeaderCell.xib */,
			);
			path = Cell;
			sourceTree = "<group>";
		};
		1878B00F28AA96C5006158AB /* JsonFile */ = {
			isa = PBXGroup;
			children = (
				1878B01028AA96D1006158AB /* document.json */,
			);
			path = JsonFile;
			sourceTree = "<group>";
		};
		1878B01828AB716B006158AB /* Model */ = {
			isa = PBXGroup;
			children = (
				1878B01228AA970D006158AB /* DataModel.swift */,
			);
			path = Model;
			sourceTree = "<group>";
		};
		1878B01928AB716F006158AB /* View */ = {
			isa = PBXGroup;
			children = (
				1824EE3227C8F251003ECB86 /* Cell */,
				1824EE2927C8F22C003ECB86 /* LaunchScreen.storyboard */,
				1824EE2427C8F22A003ECB86 /* Main.storyboard */,
			);
			path = View;
			sourceTree = "<group>";
		};
		1878B01A28AB7174006158AB /* Controller */ = {
			isa = PBXGroup;
			children = (
				1878B00928AA7356006158AB /* CustomViewController.swift */,
			);
			path = Controller;
			sourceTree = "<group>";
		};
		1878B01B28AB717A006158AB /* Application */ = {
			isa = PBXGroup;
			children = (
				1824EE1E27C8F22A003ECB86 /* AppDelegate.swift */,
				1824EE2727C8F22C003ECB86 /* Assets.xcassets */,
				1824EE2C27C8F22C003ECB86 /* Info.plist */,
				1824EE2027C8F22A003ECB86 /* SceneDelegate.swift */,
			);
			path = Application;
			sourceTree = "<group>";
		};
		1878B01C28AB71E8006158AB /* Common */ = {
			isa = PBXGroup;
			children = (
				1878B01D28AB71FF006158AB /* CommonFunction.swift */,
			);
			path = Common;
			sourceTree = "<group>";
		};
/* End PBXGroup section */

/* Begin PBXNativeTarget section */
		1824EE1A27C8F22A003ECB86 /* CollectionViewCompositionLayout */ = {
			isa = PBXNativeTarget;
			buildConfigurationList = 1824EE2F27C8F22C003ECB86 /* Build configuration list for PBXNativeTarget "CollectionViewCompositionLayout" */;
			buildPhases = (
				1824EE1727C8F22A003ECB86 /* Sources */,
				1824EE1827C8F22A003ECB86 /* Frameworks */,
				1824EE1927C8F22A003ECB86 /* Resources */,
			);
			buildRules = (
			);
			dependencies = (
			);
			name = CollectionViewCompositionLayout;
			productName = CollectionViewCompositionLayout;
			productReference = 1824EE1B27C8F22A003ECB86 /* CollectionViewCompositionLayout.app */;
			productType = "com.apple.product-type.application";
		};
/* End PBXNativeTarget section */

/* Begin PBXProject section */
		1824EE1327C8F22A003ECB86 /* Project object */ = {
			isa = PBXProject;
			attributes = {
				BuildIndependentTargetsInParallel = 1;
				LastSwiftUpdateCheck = 1320;
				LastUpgradeCheck = 1320;
				TargetAttributes = {
					1824EE1A27C8F22A003ECB86 = {
						CreatedOnToolsVersion = 13.2.1;
					};
				};
			};
			buildConfigurationList = 1824EE1627C8F22A003ECB86 /* Build configuration list for PBXProject "CollectionViewCompositionLayout" */;
			compatibilityVersion = "Xcode 13.0";
			developmentRegion = en;
			hasScannedForEncodings = 0;
			knownRegions = (
				en,
				Base,
			);
			mainGroup = 1824EE1227C8F22A003ECB86;
			productRefGroup = 1824EE1C27C8F22A003ECB86 /* Products */;
			projectDirPath = "";
			projectRoot = "";
			targets = (
				1824EE1A27C8F22A003ECB86 /* CollectionViewCompositionLayout */,
			);
		};
/* End PBXProject section */

/* Begin PBXResourcesBuildPhase section */
		1824EE1927C8F22A003ECB86 /* Resources */ = {
			isa = PBXResourcesBuildPhase;
			buildActionMask = 2147483647;
			files = (
				1824EE2B27C8F22C003ECB86 /* LaunchScreen.storyboard in Resources */,
				1824EE2827C8F22C003ECB86 /* Assets.xcassets in Resources */,
				1878B01128AA96D1006158AB /* document.json in Resources */,
				1824EE2627C8F22A003ECB86 /* Main.storyboard in Resources */,
				1878B01728AAA68C006158AB /* HeaderCell.xib in Resources */,
				1878B00E28AA73FD006158AB /* CustomCollectionViewCell.xib in Resources */,
			);
			runOnlyForDeploymentPostprocessing = 0;
		};
/* End PBXResourcesBuildPhase section */

/* Begin PBXSourcesBuildPhase section */
		1824EE1727C8F22A003ECB86 /* Sources */ = {
			isa = PBXSourcesBuildPhase;
			buildActionMask = 2147483647;
			files = (
				1878B00D28AA73FD006158AB /* CustomCollectionViewCell.swift in Sources */,
				1878B01E28AB71FF006158AB /* CommonFunction.swift in Sources */,
				1824EE1F27C8F22A003ECB86 /* AppDelegate.swift in Sources */,
				1824EE2127C8F22A003ECB86 /* SceneDelegate.swift in Sources */,
				1878B01328AA970D006158AB /* DataModel.swift in Sources */,
				1878B01628AAA68C006158AB /* HeaderCell.swift in Sources */,
				1878B00A28AA7356006158AB /* CustomViewController.swift in Sources */,
			);
			runOnlyForDeploymentPostprocessing = 0;
		};
/* End PBXSourcesBuildPhase section */

/* Begin PBXVariantGroup section */
		1824EE2427C8F22A003ECB86 /* Main.storyboard */ = {
			isa = PBXVariantGroup;
			children = (
				1824EE2527C8F22A003ECB86 /* Base */,
			);
			name = Main.storyboard;
			sourceTree = "<group>";
		};
		1824EE2927C8F22C003ECB86 /* LaunchScreen.storyboard */ = {
			isa = PBXVariantGroup;
			children = (
				1824EE2A27C8F22C003ECB86 /* Base */,
			);
			name = LaunchScreen.storyboard;
			sourceTree = "<group>";
		};
/* End PBXVariantGroup section */

/* Begin XCBuildConfiguration section */
		1824EE2D27C8F22C003ECB86 /* Debug */ = {
			isa = XCBuildConfiguration;
			buildSettings = {
				ALWAYS_SEARCH_USER_PATHS = NO;
				CLANG_ANALYZER_NONNULL = YES;
				CLANG_ANALYZER_NUMBER_OBJECT_CONVERSION = YES_AGGRESSIVE;
				CLANG_CXX_LANGUAGE_STANDARD = "gnu++17";
				CLANG_CXX_LIBRARY = "libc++";
				CLANG_ENABLE_MODULES = YES;
				CLANG_ENABLE_OBJC_ARC = YES;
				CLANG_ENABLE_OBJC_WEAK = YES;
				CLANG_WARN_BLOCK_CAPTURE_AUTORELEASING = YES;
				CLANG_WARN_BOOL_CONVERSION = YES;
				CLANG_WARN_COMMA = YES;
				CLANG_WARN_CONSTANT_CONVERSION = YES;
				CLANG_WARN_DEPRECATED_OBJC_IMPLEMENTATIONS = YES;
				CLANG_WARN_DIRECT_OBJC_ISA_USAGE = YES_ERROR;
				CLANG_WARN_DOCUMENTATION_COMMENTS = YES;
				CLANG_WARN_EMPTY_BODY = YES;
				CLANG_WARN_ENUM_CONVERSION = YES;
				CLANG_WARN_INFINITE_RECURSION = YES;
				CLANG_WARN_INT_CONVERSION = YES;
				CLANG_WARN_NON_LITERAL_NULL_CONVERSION = YES;
				CLANG_WARN_OBJC_IMPLICIT_RETAIN_SELF = YES;
				CLANG_WARN_OBJC_LITERAL_CONVERSION = YES;
				CLANG_WARN_OBJC_ROOT_CLASS = YES_ERROR;
				CLANG_WARN_QUOTED_INCLUDE_IN_FRAMEWORK_HEADER = YES;
				CLANG_WARN_RANGE_LOOP_ANALYSIS = YES;
				CLANG_WARN_STRICT_PROTOTYPES = YES;
				CLANG_WARN_SUSPICIOUS_MOVE = YES;
				CLANG_WARN_UNGUARDED_AVAILABILITY = YES_AGGRESSIVE;
				CLANG_WARN_UNREACHABLE_CODE = YES;
				CLANG_WARN__DUPLICATE_METHOD_MATCH = YES;
				COPY_PHASE_STRIP = NO;
				DEBUG_INFORMATION_FORMAT = dwarf;
				ENABLE_STRICT_OBJC_MSGSEND = YES;
				ENABLE_TESTABILITY = YES;
				GCC_C_LANGUAGE_STANDARD = gnu11;
				GCC_DYNAMIC_NO_PIC = NO;
				GCC_NO_COMMON_BLOCKS = YES;
				GCC_OPTIMIZATION_LEVEL = 0;
				GCC_PREPROCESSOR_DEFINITIONS = (
					"DEBUG=1",
					"$(inherited)",
				);
				GCC_WARN_64_TO_32_BIT_CONVERSION = YES;
				GCC_WARN_ABOUT_RETURN_TYPE = YES_ERROR;
				GCC_WARN_UNDECLARED_SELECTOR = YES;
				GCC_WARN_UNINITIALIZED_AUTOS = YES_AGGRESSIVE;
				GCC_WARN_UNUSED_FUNCTION = YES;
				GCC_WARN_UNUSED_VARIABLE = YES;
				IPHONEOS_DEPLOYMENT_TARGET = 15.2;
				MTL_ENABLE_DEBUG_INFO = INCLUDE_SOURCE;
				MTL_FAST_MATH = YES;
				ONLY_ACTIVE_ARCH = YES;
				SDKROOT = iphoneos;
				SWIFT_ACTIVE_COMPILATION_CONDITIONS = DEBUG;
				SWIFT_OPTIMIZATION_LEVEL = "-Onone";
			};
			name = Debug;
		};
		1824EE2E27C8F22C003ECB86 /* Release */ = {
			isa = XCBuildConfiguration;
			buildSettings = {
				ALWAYS_SEARCH_USER_PATHS = NO;
				CLANG_ANALYZER_NONNULL = YES;
				CLANG_ANALYZER_NUMBER_OBJECT_CONVERSION = YES_AGGRESSIVE;
				CLANG_CXX_LANGUAGE_STANDARD = "gnu++17";
				CLANG_CXX_LIBRARY = "libc++";
				CLANG_ENABLE_MODULES = YES;
				CLANG_ENABLE_OBJC_ARC = YES;
				CLANG_ENABLE_OBJC_WEAK = YES;
				CLANG_WARN_BLOCK_CAPTURE_AUTORELEASING = YES;
				CLANG_WARN_BOOL_CONVERSION = YES;
				CLANG_WARN_COMMA = YES;
				CLANG_WARN_CONSTANT_CONVERSION = YES;
				CLANG_WARN_DEPRECATED_OBJC_IMPLEMENTATIONS = YES;
				CLANG_WARN_DIRECT_OBJC_ISA_USAGE = YES_ERROR;
				CLANG_WARN_DOCUMENTATION_COMMENTS = YES;
				CLANG_WARN_EMPTY_BODY = YES;
				CLANG_WARN_ENUM_CONVERSION = YES;
				CLANG_WARN_INFINITE_RECURSION = YES;
				CLANG_WARN_INT_CONVERSION = YES;
				CLANG_WARN_NON_LITERAL_NULL_CONVERSION = YES;
				CLANG_WARN_OBJC_IMPLICIT_RETAIN_SELF = YES;
				CLANG_WARN_OBJC_LITERAL_CONVERSION = YES;
				CLANG_WARN_OBJC_ROOT_CLASS = YES_ERROR;
				CLANG_WARN_QUOTED_INCLUDE_IN_FRAMEWORK_HEADER = YES;
				CLANG_WARN_RANGE_LOOP_ANALYSIS = YES;
				CLANG_WARN_STRICT_PROTOTYPES = YES;
				CLANG_WARN_SUSPICIOUS_MOVE = YES;
				CLANG_WARN_UNGUARDED_AVAILABILITY = YES_AGGRESSIVE;
				CLANG_WARN_UNREACHABLE_CODE = YES;
				CLANG_WARN__DUPLICATE_METHOD_MATCH = YES;
				COPY_PHASE_STRIP = NO;
				DEBUG_INFORMATION_FORMAT = "dwarf-with-dsym";
				ENABLE_NS_ASSERTIONS = NO;
				ENABLE_STRICT_OBJC_MSGSEND = YES;
				GCC_C_LANGUAGE_STANDARD = gnu11;
				GCC_NO_COMMON_BLOCKS = YES;
				GCC_WARN_64_TO_32_BIT_CONVERSION = YES;
				GCC_WARN_ABOUT_RETURN_TYPE = YES_ERROR;
				GCC_WARN_UNDECLARED_SELECTOR = YES;
				GCC_WARN_UNINITIALIZED_AUTOS = YES_AGGRESSIVE;
				GCC_WARN_UNUSED_FUNCTION = YES;
				GCC_WARN_UNUSED_VARIABLE = YES;
				IPHONEOS_DEPLOYMENT_TARGET = 15.2;
				MTL_ENABLE_DEBUG_INFO = NO;
				MTL_FAST_MATH = YES;
				SDKROOT = iphoneos;
				SWIFT_COMPILATION_MODE = wholemodule;
				SWIFT_OPTIMIZATION_LEVEL = "-O";
				VALIDATE_PRODUCT = YES;
			};
			name = Release;
		};
		1824EE3027C8F22C003ECB86 /* Debug */ = {
			isa = XCBuildConfiguration;
			buildSettings = {
				ASSETCATALOG_COMPILER_APPICON_NAME = AppIcon;
				ASSETCATALOG_COMPILER_GLOBAL_ACCENT_COLOR_NAME = AccentColor;
				CODE_SIGN_STYLE = Automatic;
				CURRENT_PROJECT_VERSION = 1;
				GENERATE_INFOPLIST_FILE = YES;
				INFOPLIST_FILE = CollectionViewCompositionLayout/Application/Info.plist;
				INFOPLIST_KEY_UIApplicationSupportsIndirectInputEvents = YES;
				INFOPLIST_KEY_UILaunchStoryboardName = LaunchScreen;
				INFOPLIST_KEY_UIMainStoryboardFile = Main;
				INFOPLIST_KEY_UISupportedInterfaceOrientations_iPad = "UIInterfaceOrientationPortrait UIInterfaceOrientationPortraitUpsideDown UIInterfaceOrientationLandscapeLeft UIInterfaceOrientationLandscapeRight";
				INFOPLIST_KEY_UISupportedInterfaceOrientations_iPhone = "UIInterfaceOrientationPortrait UIInterfaceOrientationLandscapeLeft UIInterfaceOrientationLandscapeRight";
				LD_RUNPATH_SEARCH_PATHS = (
					"$(inherited)",
					"@executable_path/Frameworks",
				);
				MARKETING_VERSION = 1.0;
				PRODUCT_BUNDLE_IDENTIFIER = com.app.CollectionViewCompositionLayout;
				PRODUCT_NAME = "$(TARGET_NAME)";
				SWIFT_EMIT_LOC_STRINGS = YES;
				SWIFT_VERSION = 5.0;
				TARGETED_DEVICE_FAMILY = "1,2";
			};
			name = Debug;
		};
		1824EE3127C8F22C003ECB86 /* Release */ = {
			isa = XCBuildConfiguration;
			buildSettings = {
				ASSETCATALOG_COMPILER_APPICON_NAME = AppIcon;
				ASSETCATALOG_COMPILER_GLOBAL_ACCENT_COLOR_NAME = AccentColor;
				CODE_SIGN_STYLE = Automatic;
				CURRENT_PROJECT_VERSION = 1;
				GENERATE_INFOPLIST_FILE = YES;
				INFOPLIST_FILE = CollectionViewCompositionLayout/Application/Info.plist;
				INFOPLIST_KEY_UIApplicationSupportsIndirectInputEvents = YES;
				INFOPLIST_KEY_UILaunchStoryboardName = LaunchScreen;
				INFOPLIST_KEY_UIMainStoryboardFile = Main;
				INFOPLIST_KEY_UISupportedInterfaceOrientations_iPad = "UIInterfaceOrientationPortrait UIInterfaceOrientationPortraitUpsideDown UIInterfaceOrientationLandscapeLeft UIInterfaceOrientationLandscapeRight";
				INFOPLIST_KEY_UISupportedInterfaceOrientations_iPhone = "UIInterfaceOrientationPortrait UIInterfaceOrientationLandscapeLeft UIInterfaceOrientationLandscapeRight";
				LD_RUNPATH_SEARCH_PATHS = (
					"$(inherited)",
					"@executable_path/Frameworks",
				);
				MARKETING_VERSION = 1.0;
				PRODUCT_BUNDLE_IDENTIFIER = com.app.CollectionViewCompositionLayout;
				PRODUCT_NAME = "$(TARGET_NAME)";
				SWIFT_EMIT_LOC_STRINGS = YES;
				SWIFT_VERSION = 5.0;
				TARGETED_DEVICE_FAMILY = "1,2";
			};
			name = Release;
		};
/* End XCBuildConfiguration section */

/* Begin XCConfigurationList section */
		1824EE1627C8F22A003ECB86 /* Build configuration list for PBXProject "CollectionViewCompositionLayout" */ = {
			isa = XCConfigurationList;
			buildConfigurations = (
				1824EE2D27C8F22C003ECB86 /* Debug */,
				1824EE2E27C8F22C003ECB86 /* Release */,
			);
			defaultConfigurationIsVisible = 0;
			defaultConfigurationName = Release;
		};
		1824EE2F27C8F22C003ECB86 /* Build configuration list for PBXNativeTarget "CollectionViewCompositionLayout" */ = {
			isa = XCConfigurationList;
			buildConfigurations = (
				1824EE3027C8F22C003ECB86 /* Debug */,
				1824EE3127C8F22C003ECB86 /* Release */,
			);
			defaultConfigurationIsVisible = 0;
			defaultConfigurationName = Release;
		};
/* End XCConfigurationList section */
	};
	rootObject = 1824EE1327C8F22A003ECB86 /* Project object */;
}
