// !$*UTF8*$!
{
	archiveVersion = 1;
	classes = {
	};
	objectVersion = 55;
	objects = {

/* Begin PBXBuildFile section */
		182689CB28A7E5C90027E54E /* AppDelegate.swift in Sources */ = {isa = PBXBuildFile; fileRef = 182689CA28A7E5C90027E54E /* AppDelegate.swift */; };
		182689CD28A7E5C90027E54E /* SceneDelegate.swift in Sources */ = {isa = PBXBuildFile; fileRef = 182689CC28A7E5C90027E54E /* SceneDelegate.swift */; };
		182689CF28A7E5C90027E54E /* ViewController.swift in Sources */ = {isa = PBXBuildFile; fileRef = 182689CE28A7E5C90027E54E /* ViewController.swift */; };
		182689D228A7E5C90027E54E /* Main.storyboard in Resources */ = {isa = PBXBuildFile; fileRef = 182689D028A7E5C90027E54E /* Main.storyboard */; };
		182689D428A7E5CC0027E54E /* Assets.xcassets in Resources */ = {isa = PBXBuildFile; fileRef = 182689D328A7E5CC0027E54E /* Assets.xcassets */; };
		182689D728A7E5CC0027E54E /* LaunchScreen.storyboard in Resources */ = {isa = PBXBuildFile; fileRef = 182689D528A7E5CC0027E54E /* LaunchScreen.storyboard */; };
		182689E328A7E8900027E54E /* CDMain.swift in Sources */ = {isa = PBXBuildFile; fileRef = 182689E228A7E8900027E54E /* CDMain.swift */; };
		182689EC28A803880027E54E /* CloudKit.framework in Frameworks */ = {isa = PBXBuildFile; fileRef = 182689EB28A803880027E54E /* CloudKit.framework */; };
		18268A1F28A813B60027E54E /* Students+CoreDataClass.swift in Sources */ = {isa = PBXBuildFile; fileRef = 18268A1928A813B60027E54E /* Students+CoreDataClass.swift */; };
		18268A2028A813B60027E54E /* Students+CoreDataProperties.swift in Sources */ = {isa = PBXBuildFile; fileRef = 18268A1A28A813B60027E54E /* Students+CoreDataProperties.swift */; };
		18268A2128A813B60027E54E /* Teacher+CoreDataClass.swift in Sources */ = {isa = PBXBuildFile; fileRef = 18268A1B28A813B60027E54E /* Teacher+CoreDataClass.swift */; };
		18268A2228A813B60027E54E /* Teacher+CoreDataProperties.swift in Sources */ = {isa = PBXBuildFile; fileRef = 18268A1C28A813B60027E54E /* Teacher+CoreDataProperties.swift */; };
		18268A2328A813B60027E54E /* Class+CoreDataClass.swift in Sources */ = {isa = PBXBuildFile; fileRef = 18268A1D28A813B60027E54E /* Class+CoreDataClass.swift */; };
		18268A2428A813B70027E54E /* Class+CoreDataProperties.swift in Sources */ = {isa = PBXBuildFile; fileRef = 18268A1E28A813B60027E54E /* Class+CoreDataProperties.swift */; };
/* End PBXBuildFile section */

/* Begin PBXFileReference section */
		182689C728A7E5C90027E54E /* RelationalCoreData.app */ = {isa = PBXFileReference; explicitFileType = wrapper.application; includeInIndex = 0; path = RelationalCoreData.app; sourceTree = BUILT_PRODUCTS_DIR; };
		182689CA28A7E5C90027E54E /* AppDelegate.swift */ = {isa = PBXFileReference; lastKnownFileType = sourcecode.swift; path = AppDelegate.swift; sourceTree = "<group>"; };
		182689CC28A7E5C90027E54E /* SceneDelegate.swift */ = {isa = PBXFileReference; lastKnownFileType = sourcecode.swift; path = SceneDelegate.swift; sourceTree = "<group>"; };
		182689CE28A7E5C90027E54E /* ViewController.swift */ = {isa = PBXFileReference; lastKnownFileType = sourcecode.swift; path = ViewController.swift; sourceTree = "<group>"; };
		182689D128A7E5C90027E54E /* Base */ = {isa = PBXFileReference; lastKnownFileType = file.storyboard; name = Base; path = Base.lproj/Main.storyboard; sourceTree = "<group>"; };
		182689D328A7E5CC0027E54E /* Assets.xcassets */ = {isa = PBXFileReference; lastKnownFileType = folder.assetcatalog; path = Assets.xcassets; sourceTree = "<group>"; };
		182689D628A7E5CC0027E54E /* Base */ = {isa = PBXFileReference; lastKnownFileType = file.storyboard; name = Base; path = Base.lproj/LaunchScreen.storyboard; sourceTree = "<group>"; };
		182689D828A7E5CC0027E54E /* Info.plist */ = {isa = PBXFileReference; lastKnownFileType = text.plist.xml; path = Info.plist; sourceTree = "<group>"; };
		182689E028A7E6940027E54E /* RelationalCoreData.xcdatamodel */ = {isa = PBXFileReference; lastKnownFileType = wrapper.xcdatamodel; path = RelationalCoreData.xcdatamodel; sourceTree = "<group>"; };
		182689E228A7E8900027E54E /* CDMain.swift */ = {isa = PBXFileReference; lastKnownFileType = sourcecode.swift; path = CDMain.swift; sourceTree = "<group>"; };
		182689E928A8032A0027E54E /* RelationalCoreData.entitlements */ = {isa = PBXFileReference; lastKnownFileType = text.plist.entitlements; path = RelationalCoreData.entitlements; sourceTree = "<group>"; };
		182689EB28A803880027E54E /* CloudKit.framework */ = {isa = PBXFileReference; lastKnownFileType = wrapper.framework; name = CloudKit.framework; path = System/Library/Frameworks/CloudKit.framework; sourceTree = SDKROOT; };
		18268A1928A813B60027E54E /* Students+CoreDataClass.swift */ = {isa = PBXFileReference; lastKnownFileType = sourcecode.swift; path = "Students+CoreDataClass.swift"; sourceTree = "<group>"; };
		18268A1A28A813B60027E54E /* Students+CoreDataProperties.swift */ = {isa = PBXFileReference; lastKnownFileType = sourcecode.swift; path = "Students+CoreDataProperties.swift"; sourceTree = "<group>"; };
		18268A1B28A813B60027E54E /* Teacher+CoreDataClass.swift */ = {isa = PBXFileReference; lastKnownFileType = sourcecode.swift; path = "Teacher+CoreDataClass.swift"; sourceTree = "<group>"; };
		18268A1C28A813B60027E54E /* Teacher+CoreDataProperties.swift */ = {isa = PBXFileReference; lastKnownFileType = sourcecode.swift; path = "Teacher+CoreDataProperties.swift"; sourceTree = "<group>"; };
		18268A1D28A813B60027E54E /* Class+CoreDataClass.swift */ = {isa = PBXFileReference; lastKnownFileType = sourcecode.swift; path = "Class+CoreDataClass.swift"; sourceTree = "<group>"; };
		18268A1E28A813B60027E54E /* Class+CoreDataProperties.swift */ = {isa = PBXFileReference; lastKnownFileType = sourcecode.swift; path = "Class+CoreDataProperties.swift"; sourceTree = "<group>"; };
/* End PBXFileReference section */

/* Begin PBXFrameworksBuildPhase section */
		182689C428A7E5C90027E54E /* Frameworks */ = {
			isa = PBXFrameworksBuildPhase;
			buildActionMask = 2147483647;
			files = (
				182689EC28A803880027E54E /* CloudKit.framework in Frameworks */,
			);
			runOnlyForDeploymentPostprocessing = 0;
		};
/* End PBXFrameworksBuildPhase section */

/* Begin PBXGroup section */
		182689BE28A7E5C90027E54E = {
			isa = PBXGroup;
			children = (
				182689C928A7E5C90027E54E /* RelationalCoreData */,
				182689C828A7E5C90027E54E /* Products */,
				182689EA28A803880027E54E /* Frameworks */,
			);
			sourceTree = "<group>";
		};
		182689C828A7E5C90027E54E /* Products */ = {
			isa = PBXGroup;
			children = (
				182689C728A7E5C90027E54E /* RelationalCoreData.app */,
			);
			name = Products;
			sourceTree = "<group>";
		};
		182689C928A7E5C90027E54E /* RelationalCoreData */ = {
			isa = PBXGroup;
			children = (
				182689E928A8032A0027E54E /* RelationalCoreData.entitlements */,
				182689DE28A7E6380027E54E /* Coredatafiles */,
				182689CA28A7E5C90027E54E /* AppDelegate.swift */,
				182689CC28A7E5C90027E54E /* SceneDelegate.swift */,
				182689CE28A7E5C90027E54E /* ViewController.swift */,
				182689D028A7E5C90027E54E /* Main.storyboard */,
				182689D328A7E5CC0027E54E /* Assets.xcassets */,
				182689D528A7E5CC0027E54E /* LaunchScreen.storyboard */,
				182689D828A7E5CC0027E54E /* Info.plist */,
			);
			path = RelationalCoreData;
			sourceTree = "<group>";
		};
		182689DE28A7E6380027E54E /* Coredatafiles */ = {
			isa = PBXGroup;
			children = (
				182689E828A7ECF30027E54E /* ClassModel */,
				182689DF28A7E6940027E54E /* RelationalCoreData.xcdatamodeld */,
				182689E228A7E8900027E54E /* CDMain.swift */,
			);
			path = Coredatafiles;
			sourceTree = "<group>";
		};
		182689E828A7ECF30027E54E /* ClassModel */ = {
			isa = PBXGroup;
			children = (
				18268A1928A813B60027E54E /* Students+CoreDataClass.swift */,
				18268A1A28A813B60027E54E /* Students+CoreDataProperties.swift */,
				18268A1B28A813B60027E54E /* Teacher+CoreDataClass.swift */,
				18268A1C28A813B60027E54E /* Teacher+CoreDataProperties.swift */,
				18268A1D28A813B60027E54E /* Class+CoreDataClass.swift */,
				18268A1E28A813B60027E54E /* Class+CoreDataProperties.swift */,
			);
			path = ClassModel;
			sourceTree = "<group>";
		};
		182689EA28A803880027E54E /* Frameworks */ = {
			isa = PBXGroup;
			children = (
				182689EB28A803880027E54E /* CloudKit.framework */,
			);
			name = Frameworks;
			sourceTree = "<group>";
		};
/* End PBXGroup section */

/* Begin PBXNativeTarget section */
		182689C628A7E5C90027E54E /* RelationalCoreData */ = {
			isa = PBXNativeTarget;
			buildConfigurationList = 182689DB28A7E5CC0027E54E /* Build configuration list for PBXNativeTarget "RelationalCoreData" */;
			buildPhases = (
				182689C328A7E5C90027E54E /* Sources */,
				182689C428A7E5C90027E54E /* Frameworks */,
				182689C528A7E5C90027E54E /* Resources */,
			);
			buildRules = (
			);
			dependencies = (
			);
			name = RelationalCoreData;
			productName = RelationalCoreData;
			productReference = 182689C728A7E5C90027E54E /* RelationalCoreData.app */;
			productType = "com.apple.product-type.application";
		};
/* End PBXNativeTarget section */

/* Begin PBXProject section */
		182689BF28A7E5C90027E54E /* Project object */ = {
			isa = PBXProject;
			attributes = {
				BuildIndependentTargetsInParallel = 1;
				LastSwiftUpdateCheck = 1340;
				LastUpgradeCheck = 1340;
				TargetAttributes = {
					182689C628A7E5C90027E54E = {
						CreatedOnToolsVersion = 13.4.1;
					};
				};
			};
			buildConfigurationList = 182689C228A7E5C90027E54E /* Build configuration list for PBXProject "RelationalCoreData" */;
			compatibilityVersion = "Xcode 13.0";
			developmentRegion = en;
			hasScannedForEncodings = 0;
			knownRegions = (
				en,
				Base,
			);
			mainGroup = 182689BE28A7E5C90027E54E;
			productRefGroup = 182689C828A7E5C90027E54E /* Products */;
			projectDirPath = "";
			projectRoot = "";
			targets = (
				182689C628A7E5C90027E54E /* RelationalCoreData */,
			);
		};
/* End PBXProject section */

/* Begin PBXResourcesBuildPhase section */
		182689C528A7E5C90027E54E /* Resources */ = {
			isa = PBXResourcesBuildPhase;
			buildActionMask = 2147483647;
			files = (
				182689D728A7E5CC0027E54E /* LaunchScreen.storyboard in Resources */,
				182689D428A7E5CC0027E54E /* Assets.xcassets in Resources */,
				182689D228A7E5C90027E54E /* Main.storyboard in Resources */,
			);
			runOnlyForDeploymentPostprocessing = 0;
		};
/* End PBXResourcesBuildPhase section */

/* Begin PBXSourcesBuildPhase section */
		182689C328A7E5C90027E54E /* Sources */ = {
			isa = PBXSourcesBuildPhase;
			buildActionMask = 2147483647;
			files = (
				18268A2428A813B70027E54E /* Class+CoreDataProperties.swift in Sources */,
				182689CF28A7E5C90027E54E /* ViewController.swift in Sources */,
				182689E328A7E8900027E54E /* CDMain.swift in Sources */,
				18268A1F28A813B60027E54E /* Students+CoreDataClass.swift in Sources */,
				18268A2028A813B60027E54E /* Students+CoreDataProperties.swift in Sources */,
				18268A2228A813B60027E54E /* Teacher+CoreDataProperties.swift in Sources */,
				18268A2328A813B60027E54E /* Class+CoreDataClass.swift in Sources */,
				182689CB28A7E5C90027E54E /* AppDelegate.swift in Sources */,
				18268A2128A813B60027E54E /* Teacher+CoreDataClass.swift in Sources */,
				182689CD28A7E5C90027E54E /* SceneDelegate.swift in Sources */,
			);
			runOnlyForDeploymentPostprocessing = 0;
		};
/* End PBXSourcesBuildPhase section */

/* Begin PBXVariantGroup section */
		182689D028A7E5C90027E54E /* Main.storyboard */ = {
			isa = PBXVariantGroup;
			children = (
				182689D128A7E5C90027E54E /* Base */,
			);
			name = Main.storyboard;
			sourceTree = "<group>";
		};
		182689D528A7E5CC0027E54E /* LaunchScreen.storyboard */ = {
			isa = PBXVariantGroup;
			children = (
				182689D628A7E5CC0027E54E /* Base */,
			);
			name = LaunchScreen.storyboard;
			sourceTree = "<group>";
		};
/* End PBXVariantGroup section */

/* Begin XCBuildConfiguration section */
		182689D928A7E5CC0027E54E /* Debug */ = {
			isa = XCBuildConfiguration;
			buildSettings = {
				ALWAYS_SEARCH_USER_PATHS = NO;
				CLANG_ANALYZER_NONNULL = YES;
				CLANG_ANALYZER_NUMBER_OBJECT_CONVERSION = YES_AGGRESSIVE;
				CLANG_CXX_LANGUAGE_STANDARD = "gnu++17";
				CLANG_ENABLE_MODULES = YES;
				CLANG_ENABLE_OBJC_ARC = YES;
				CLANG_ENABLE_OBJC_WEAK = YES;
				CLANG_WARN_BLOCK_CAPTURE_AUTORELEASING = YES;
				CLANG_WARN_BOOL_CONVERSION = YES;
				CLANG_WARN_COMMA = YES;
				CLANG_WARN_CONSTANT_CONVERSION = YES;
				CLANG_WARN_DEPRECATED_OBJC_IMPLEMENTATIONS = YES;
				CLANG_WARN_DIRECT_OBJC_ISA_USAGE = YES_ERROR;
				CLANG_WARN_DOCUMENTATION_COMMENTS = YES;
				CLANG_WARN_EMPTY_BODY = YES;
				CLANG_WARN_ENUM_CONVERSION = YES;
				CLANG_WARN_INFINITE_RECURSION = YES;
				CLANG_WARN_INT_CONVERSION = YES;
				CLANG_WARN_NON_LITERAL_NULL_CONVERSION = YES;
				CLANG_WARN_OBJC_IMPLICIT_RETAIN_SELF = YES;
				CLANG_WARN_OBJC_LITERAL_CONVERSION = YES;
				CLANG_WARN_OBJC_ROOT_CLASS = YES_ERROR;
				CLANG_WARN_QUOTED_INCLUDE_IN_FRAMEWORK_HEADER = YES;
				CLANG_WARN_RANGE_LOOP_ANALYSIS = YES;
				CLANG_WARN_STRICT_PROTOTYPES = YES;
				CLANG_WARN_SUSPICIOUS_MOVE = YES;
				CLANG_WARN_UNGUARDED_AVAILABILITY = YES_AGGRESSIVE;
				CLANG_WARN_UNREACHABLE_CODE = YES;
				CLANG_WARN__DUPLICATE_METHOD_MATCH = YES;
				COPY_PHASE_STRIP = NO;
				DEBUG_INFORMATION_FORMAT = dwarf;
				ENABLE_STRICT_OBJC_MSGSEND = YES;
				ENABLE_TESTABILITY = YES;
				GCC_C_LANGUAGE_STANDARD = gnu11;
				GCC_DYNAMIC_NO_PIC = NO;
				GCC_NO_COMMON_BLOCKS = YES;
				GCC_OPTIMIZATION_LEVEL = 0;
				GCC_PREPROCESSOR_DEFINITIONS = (
					"DEBUG=1",
					"$(inherited)",
				);
				GCC_WARN_64_TO_32_BIT_CONVERSION = YES;
				GCC_WARN_ABOUT_RETURN_TYPE = YES_ERROR;
				GCC_WARN_UNDECLARED_SELECTOR = YES;
				GCC_WARN_UNINITIALIZED_AUTOS = YES_AGGRESSIVE;
				GCC_WARN_UNUSED_FUNCTION = YES;
				GCC_WARN_UNUSED_VARIABLE = YES;
				IPHONEOS_DEPLOYMENT_TARGET = 13.0;
				MTL_ENABLE_DEBUG_INFO = INCLUDE_SOURCE;
				MTL_FAST_MATH = YES;
				ONLY_ACTIVE_ARCH = YES;
				SDKROOT = iphoneos;
				SWIFT_ACTIVE_COMPILATION_CONDITIONS = DEBUG;
				SWIFT_OPTIMIZATION_LEVEL = "-Onone";
			};
			name = Debug;
		};
		182689DA28A7E5CC0027E54E /* Release */ = {
			isa = XCBuildConfiguration;
			buildSettings = {
				ALWAYS_SEARCH_USER_PATHS = NO;
				CLANG_ANALYZER_NONNULL = YES;
				CLANG_ANALYZER_NUMBER_OBJECT_CONVERSION = YES_AGGRESSIVE;
				CLANG_CXX_LANGUAGE_STANDARD = "gnu++17";
				CLANG_ENABLE_MODULES = YES;
				CLANG_ENABLE_OBJC_ARC = YES;
				CLANG_ENABLE_OBJC_WEAK = YES;
				CLANG_WARN_BLOCK_CAPTURE_AUTORELEASING = YES;
				CLANG_WARN_BOOL_CONVERSION = YES;
				CLANG_WARN_COMMA = YES;
				CLANG_WARN_CONSTANT_CONVERSION = YES;
				CLANG_WARN_DEPRECATED_OBJC_IMPLEMENTATIONS = YES;
				CLANG_WARN_DIRECT_OBJC_ISA_USAGE = YES_ERROR;
				CLANG_WARN_DOCUMENTATION_COMMENTS = YES;
				CLANG_WARN_EMPTY_BODY = YES;
				CLANG_WARN_ENUM_CONVERSION = YES;
				CLANG_WARN_INFINITE_RECURSION = YES;
				CLANG_WARN_INT_CONVERSION = YES;
				CLANG_WARN_NON_LITERAL_NULL_CONVERSION = YES;
				CLANG_WARN_OBJC_IMPLICIT_RETAIN_SELF = YES;
				CLANG_WARN_OBJC_LITERAL_CONVERSION = YES;
				CLANG_WARN_OBJC_ROOT_CLASS = YES_ERROR;
				CLANG_WARN_QUOTED_INCLUDE_IN_FRAMEWORK_HEADER = YES;
				CLANG_WARN_RANGE_LOOP_ANALYSIS = YES;
				CLANG_WARN_STRICT_PROTOTYPES = YES;
				CLANG_WARN_SUSPICIOUS_MOVE = YES;
				CLANG_WARN_UNGUARDED_AVAILABILITY = YES_AGGRESSIVE;
				CLANG_WARN_UNREACHABLE_CODE = YES;
				CLANG_WARN__DUPLICATE_METHOD_MATCH = YES;
				COPY_PHASE_STRIP = NO;
				DEBUG_INFORMATION_FORMAT = "dwarf-with-dsym";
				ENABLE_NS_ASSERTIONS = NO;
				ENABLE_STRICT_OBJC_MSGSEND = YES;
				GCC_C_LANGUAGE_STANDARD = gnu11;
				GCC_NO_COMMON_BLOCKS = YES;
				GCC_WARN_64_TO_32_BIT_CONVERSION = YES;
				GCC_WARN_ABOUT_RETURN_TYPE = YES_ERROR;
				GCC_WARN_UNDECLARED_SELECTOR = YES;
				GCC_WARN_UNINITIALIZED_AUTOS = YES_AGGRESSIVE;
				GCC_WARN_UNUSED_FUNCTION = YES;
				GCC_WARN_UNUSED_VARIABLE = YES;
				IPHONEOS_DEPLOYMENT_TARGET = 13.0;
				MTL_ENABLE_DEBUG_INFO = NO;
				MTL_FAST_MATH = YES;
				SDKROOT = iphoneos;
				SWIFT_COMPILATION_MODE = wholemodule;
				SWIFT_OPTIMIZATION_LEVEL = "-O";
				VALIDATE_PRODUCT = YES;
			};
			name = Release;
		};
		182689DC28A7E5CC0027E54E /* Debug */ = {
			isa = XCBuildConfiguration;
			buildSettings = {
				ASSETCATALOG_COMPILER_APPICON_NAME = AppIcon;
				ASSETCATALOG_COMPILER_GLOBAL_ACCENT_COLOR_NAME = AccentColor;
				CODE_SIGN_ENTITLEMENTS = RelationalCoreData/RelationalCoreData.entitlements;
				CODE_SIGN_IDENTITY = "Apple Development";
				CODE_SIGN_STYLE = Automatic;
				CURRENT_PROJECT_VERSION = 1;
				DEVELOPMENT_TEAM = YT83R65GC6;
				GENERATE_INFOPLIST_FILE = YES;
				INFOPLIST_FILE = RelationalCoreData/Info.plist;
				INFOPLIST_KEY_UIApplicationSupportsIndirectInputEvents = YES;
				INFOPLIST_KEY_UILaunchStoryboardName = LaunchScreen;
				INFOPLIST_KEY_UIMainStoryboardFile = Main;
				INFOPLIST_KEY_UISupportedInterfaceOrientations_iPad = "UIInterfaceOrientationPortrait UIInterfaceOrientationPortraitUpsideDown UIInterfaceOrientationLandscapeLeft UIInterfaceOrientationLandscapeRight";
				INFOPLIST_KEY_UISupportedInterfaceOrientations_iPhone = "UIInterfaceOrientationPortrait UIInterfaceOrientationLandscapeLeft UIInterfaceOrientationLandscapeRight";
				LD_RUNPATH_SEARCH_PATHS = (
					"$(inherited)",
					"@executable_path/Frameworks",
				);
				MARKETING_VERSION = 1.0;
				PRODUCT_BUNDLE_IDENTIFIER = com.app.RelationalCoreData;
				PRODUCT_NAME = "$(TARGET_NAME)";
				PROVISIONING_PROFILE_SPECIFIER = "";
				SWIFT_EMIT_LOC_STRINGS = YES;
				SWIFT_VERSION = 5.0;
				TARGETED_DEVICE_FAMILY = "1,2";
			};
			name = Debug;
		};
		182689DD28A7E5CC0027E54E /* Release */ = {
			isa = XCBuildConfiguration;
			buildSettings = {
				ASSETCATALOG_COMPILER_APPICON_NAME = AppIcon;
				ASSETCATALOG_COMPILER_GLOBAL_ACCENT_COLOR_NAME = AccentColor;
				CODE_SIGN_ENTITLEMENTS = RelationalCoreData/RelationalCoreData.entitlements;
				CODE_SIGN_IDENTITY = "Apple Development";
				CODE_SIGN_STYLE = Automatic;
				CURRENT_PROJECT_VERSION = 1;
				DEVELOPMENT_TEAM = YT83R65GC6;
				GENERATE_INFOPLIST_FILE = YES;
				INFOPLIST_FILE = RelationalCoreData/Info.plist;
				INFOPLIST_KEY_UIApplicationSupportsIndirectInputEvents = YES;
				INFOPLIST_KEY_UILaunchStoryboardName = LaunchScreen;
				INFOPLIST_KEY_UIMainStoryboardFile = Main;
				INFOPLIST_KEY_UISupportedInterfaceOrientations_iPad = "UIInterfaceOrientationPortrait UIInterfaceOrientationPortraitUpsideDown UIInterfaceOrientationLandscapeLeft UIInterfaceOrientationLandscapeRight";
				INFOPLIST_KEY_UISupportedInterfaceOrientations_iPhone = "UIInterfaceOrientationPortrait UIInterfaceOrientationLandscapeLeft UIInterfaceOrientationLandscapeRight";
				LD_RUNPATH_SEARCH_PATHS = (
					"$(inherited)",
					"@executable_path/Frameworks",
				);
				MARKETING_VERSION = 1.0;
				PRODUCT_BUNDLE_IDENTIFIER = com.app.RelationalCoreData;
				PRODUCT_NAME = "$(TARGET_NAME)";
				PROVISIONING_PROFILE_SPECIFIER = "";
				SWIFT_EMIT_LOC_STRINGS = YES;
				SWIFT_VERSION = 5.0;
				TARGETED_DEVICE_FAMILY = "1,2";
			};
			name = Release;
		};
/* End XCBuildConfiguration section */

/* Begin XCConfigurationList section */
		182689C228A7E5C90027E54E /* Build configuration list for PBXProject "RelationalCoreData" */ = {
			isa = XCConfigurationList;
			buildConfigurations = (
				182689D928A7E5CC0027E54E /* Debug */,
				182689DA28A7E5CC0027E54E /* Release */,
			);
			defaultConfigurationIsVisible = 0;
			defaultConfigurationName = Release;
		};
		182689DB28A7E5CC0027E54E /* Build configuration list for PBXNativeTarget "RelationalCoreData" */ = {
			isa = XCConfigurationList;
			buildConfigurations = (
				182689DC28A7E5CC0027E54E /* Debug */,
				182689DD28A7E5CC0027E54E /* Release */,
			);
			defaultConfigurationIsVisible = 0;
			defaultConfigurationName = Release;
		};
/* End XCConfigurationList section */

/* Begin XCVersionGroup section */
		182689DF28A7E6940027E54E /* RelationalCoreData.xcdatamodeld */ = {
			isa = XCVersionGroup;
			children = (
				182689E028A7E6940027E54E /* RelationalCoreData.xcdatamodel */,
			);
			currentVersion = 182689E028A7E6940027E54E /* RelationalCoreData.xcdatamodel */;
			path = RelationalCoreData.xcdatamodeld;
			sourceTree = "<group>";
			versionGroupType = wrapper.xcdatamodel;
		};
/* End XCVersionGroup section */
	};
	rootObject = 182689BF28A7E5C90027E54E /* Project object */;
}
