// !$*UTF8*$!
{
	archiveVersion = 1;
	classes = {
	};
	objectVersion = 55;
	objects = {

/* Begin PBXBuildFile section */
		18353CD228AD39790067E393 /* AppDelegate.swift in Sources */ = {isa = PBXBuildFile; fileRef = 18353CD128AD39790067E393 /* AppDelegate.swift */; };
		18353CD428AD39790067E393 /* SceneDelegate.swift in Sources */ = {isa = PBXBuildFile; fileRef = 18353CD328AD39790067E393 /* SceneDelegate.swift */; };
		18353CD628AD39790067E393 /* ViewController.swift in Sources */ = {isa = PBXBuildFile; fileRef = 18353CD528AD39790067E393 /* ViewController.swift */; };
		18353CD928AD39790067E393 /* Main.storyboard in Resources */ = {isa = PBXBuildFile; fileRef = 18353CD728AD39790067E393 /* Main.storyboard */; };
		18353CDB28AD397C0067E393 /* Assets.xcassets in Resources */ = {isa = PBXBuildFile; fileRef = 18353CDA28AD397C0067E393 /* Assets.xcassets */; };
		18353CDE28AD397C0067E393 /* LaunchScreen.storyboard in Resources */ = {isa = PBXBuildFile; fileRef = 18353CDC28AD397C0067E393 /* LaunchScreen.storyboard */; };
		18353CE728AD3C260067E393 /* UpdatedNumVC.swift in Sources */ = {isa = PBXBuildFile; fileRef = 18353CE628AD3C260067E393 /* UpdatedNumVC.swift */; };
		18353CEB28AD3F310067E393 /* MainVM.swift in Sources */ = {isa = PBXBuildFile; fileRef = 18353CEA28AD3F310067E393 /* MainVM.swift */; };
		18353CF128AD46170067E393 /* RowCell.swift in Sources */ = {isa = PBXBuildFile; fileRef = 18353CEF28AD46170067E393 /* RowCell.swift */; };
		18353CF228AD46170067E393 /* RowCell.xib in Resources */ = {isa = PBXBuildFile; fileRef = 18353CF028AD46170067E393 /* RowCell.xib */; };
		18353CF728AD46970067E393 /* RoundedCell.swift in Sources */ = {isa = PBXBuildFile; fileRef = 18353CF528AD46970067E393 /* RoundedCell.swift */; };
		18353CF828AD46970067E393 /* RoundedCell.xib in Resources */ = {isa = PBXBuildFile; fileRef = 18353CF628AD46970067E393 /* RoundedCell.xib */; };
		18353CFA28AD4BB70067E393 /* ColorModel.swift in Sources */ = {isa = PBXBuildFile; fileRef = 18353CF928AD4BB70067E393 /* ColorModel.swift */; };
		18353CFC28AD52810067E393 /* ColorDetailVC.swift in Sources */ = {isa = PBXBuildFile; fileRef = 18353CFB28AD52810067E393 /* ColorDetailVC.swift */; };
/* End PBXBuildFile section */

/* Begin PBXFileReference section */
		18353CCE28AD39790067E393 /* NeoSoft.app */ = {isa = PBXFileReference; explicitFileType = wrapper.application; includeInIndex = 0; path = NeoSoft.app; sourceTree = BUILT_PRODUCTS_DIR; };
		18353CD128AD39790067E393 /* AppDelegate.swift */ = {isa = PBXFileReference; lastKnownFileType = sourcecode.swift; path = AppDelegate.swift; sourceTree = "<group>"; };
		18353CD328AD39790067E393 /* SceneDelegate.swift */ = {isa = PBXFileReference; lastKnownFileType = sourcecode.swift; path = SceneDelegate.swift; sourceTree = "<group>"; };
		18353CD528AD39790067E393 /* ViewController.swift */ = {isa = PBXFileReference; lastKnownFileType = sourcecode.swift; path = ViewController.swift; sourceTree = "<group>"; };
		18353CD828AD39790067E393 /* Base */ = {isa = PBXFileReference; lastKnownFileType = file.storyboard; name = Base; path = Base.lproj/Main.storyboard; sourceTree = "<group>"; };
		18353CDA28AD397C0067E393 /* Assets.xcassets */ = {isa = PBXFileReference; lastKnownFileType = folder.assetcatalog; path = Assets.xcassets; sourceTree = "<group>"; };
		18353CDD28AD397C0067E393 /* Base */ = {isa = PBXFileReference; lastKnownFileType = file.storyboard; name = Base; path = Base.lproj/LaunchScreen.storyboard; sourceTree = "<group>"; };
		18353CDF28AD397C0067E393 /* Info.plist */ = {isa = PBXFileReference; lastKnownFileType = text.plist.xml; path = Info.plist; sourceTree = "<group>"; };
		18353CE628AD3C260067E393 /* UpdatedNumVC.swift */ = {isa = PBXFileReference; lastKnownFileType = sourcecode.swift; path = UpdatedNumVC.swift; sourceTree = "<group>"; };
		18353CEA28AD3F310067E393 /* MainVM.swift */ = {isa = PBXFileReference; lastKnownFileType = sourcecode.swift; path = MainVM.swift; sourceTree = "<group>"; };
		18353CEF28AD46170067E393 /* RowCell.swift */ = {isa = PBXFileReference; lastKnownFileType = sourcecode.swift; path = RowCell.swift; sourceTree = "<group>"; };
		18353CF028AD46170067E393 /* RowCell.xib */ = {isa = PBXFileReference; lastKnownFileType = file.xib; path = RowCell.xib; sourceTree = "<group>"; };
		18353CF528AD46970067E393 /* RoundedCell.swift */ = {isa = PBXFileReference; lastKnownFileType = sourcecode.swift; path = RoundedCell.swift; sourceTree = "<group>"; };
		18353CF628AD46970067E393 /* RoundedCell.xib */ = {isa = PBXFileReference; lastKnownFileType = file.xib; path = RoundedCell.xib; sourceTree = "<group>"; };
		18353CF928AD4BB70067E393 /* ColorModel.swift */ = {isa = PBXFileReference; lastKnownFileType = sourcecode.swift; path = ColorModel.swift; sourceTree = "<group>"; };
		18353CFB28AD52810067E393 /* ColorDetailVC.swift */ = {isa = PBXFileReference; lastKnownFileType = sourcecode.swift; path = ColorDetailVC.swift; sourceTree = "<group>"; };
/* End PBXFileReference section */

/* Begin PBXFrameworksBuildPhase section */
		18353CCB28AD39790067E393 /* Frameworks */ = {
			isa = PBXFrameworksBuildPhase;
			buildActionMask = 2147483647;
			files = (
			);
			runOnlyForDeploymentPostprocessing = 0;
		};
/* End PBXFrameworksBuildPhase section */

/* Begin PBXGroup section */
		18353CC528AD39790067E393 = {
			isa = PBXGroup;
			children = (
				18353CD028AD39790067E393 /* NeoSoft */,
				18353CCF28AD39790067E393 /* Products */,
			);
			sourceTree = "<group>";
		};
		18353CCF28AD39790067E393 /* Products */ = {
			isa = PBXGroup;
			children = (
				18353CCE28AD39790067E393 /* NeoSoft.app */,
			);
			name = Products;
			sourceTree = "<group>";
		};
		18353CD028AD39790067E393 /* NeoSoft */ = {
			isa = PBXGroup;
			children = (
				18353CE928AD3E850067E393 /* Model */,
				18353CE828AD3E800067E393 /* ViewModel */,
				18353CE528AD3BFA0067E393 /* Views */,
				18353CD128AD39790067E393 /* AppDelegate.swift */,
				18353CD328AD39790067E393 /* SceneDelegate.swift */,
				18353CD728AD39790067E393 /* Main.storyboard */,
				18353CDA28AD397C0067E393 /* Assets.xcassets */,
				18353CDC28AD397C0067E393 /* LaunchScreen.storyboard */,
				18353CDF28AD397C0067E393 /* Info.plist */,
			);
			path = NeoSoft;
			sourceTree = "<group>";
		};
		18353CE528AD3BFA0067E393 /* Views */ = {
			isa = PBXGroup;
			children = (
				18353CEC28AD45920067E393 /* Cells */,
				18353CD528AD39790067E393 /* ViewController.swift */,
				18353CE628AD3C260067E393 /* UpdatedNumVC.swift */,
				18353CFB28AD52810067E393 /* ColorDetailVC.swift */,
			);
			path = Views;
			sourceTree = "<group>";
		};
		18353CE828AD3E800067E393 /* ViewModel */ = {
			isa = PBXGroup;
			children = (
				18353CEA28AD3F310067E393 /* MainVM.swift */,
			);
			path = ViewModel;
			sourceTree = "<group>";
		};
		18353CE928AD3E850067E393 /* Model */ = {
			isa = PBXGroup;
			children = (
				18353CF928AD4BB70067E393 /* ColorModel.swift */,
			);
			path = Model;
			sourceTree = "<group>";
		};
		18353CEC28AD45920067E393 /* Cells */ = {
			isa = PBXGroup;
			children = (
				18353CEE28AD459C0067E393 /* TableView */,
				18353CED28AD45970067E393 /* CollectionView */,
			);
			path = Cells;
			sourceTree = "<group>";
		};
		18353CED28AD45970067E393 /* CollectionView */ = {
			isa = PBXGroup;
			children = (
				18353CF528AD46970067E393 /* RoundedCell.swift */,
				18353CF628AD46970067E393 /* RoundedCell.xib */,
			);
			path = CollectionView;
			sourceTree = "<group>";
		};
		18353CEE28AD459C0067E393 /* TableView */ = {
			isa = PBXGroup;
			children = (
				18353CEF28AD46170067E393 /* RowCell.swift */,
				18353CF028AD46170067E393 /* RowCell.xib */,
			);
			path = TableView;
			sourceTree = "<group>";
		};
/* End PBXGroup section */

/* Begin PBXNativeTarget section */
		18353CCD28AD39790067E393 /* NeoSoft */ = {
			isa = PBXNativeTarget;
			buildConfigurationList = 18353CE228AD397C0067E393 /* Build configuration list for PBXNativeTarget "NeoSoft" */;
			buildPhases = (
				18353CCA28AD39790067E393 /* Sources */,
				18353CCB28AD39790067E393 /* Frameworks */,
				18353CCC28AD39790067E393 /* Resources */,
			);
			buildRules = (
			);
			dependencies = (
			);
			name = NeoSoft;
			productName = NeoSoft;
			productReference = 18353CCE28AD39790067E393 /* NeoSoft.app */;
			productType = "com.apple.product-type.application";
		};
/* End PBXNativeTarget section */

/* Begin PBXProject section */
		18353CC628AD39790067E393 /* Project object */ = {
			isa = PBXProject;
			attributes = {
				BuildIndependentTargetsInParallel = 1;
				LastSwiftUpdateCheck = 1340;
				LastUpgradeCheck = 1340;
				TargetAttributes = {
					18353CCD28AD39790067E393 = {
						CreatedOnToolsVersion = 13.4.1;
					};
				};
			};
			buildConfigurationList = 18353CC928AD39790067E393 /* Build configuration list for PBXProject "NeoSoft" */;
			compatibilityVersion = "Xcode 13.0";
			developmentRegion = en;
			hasScannedForEncodings = 0;
			knownRegions = (
				en,
				Base,
			);
			mainGroup = 18353CC528AD39790067E393;
			productRefGroup = 18353CCF28AD39790067E393 /* Products */;
			projectDirPath = "";
			projectRoot = "";
			targets = (
				18353CCD28AD39790067E393 /* NeoSoft */,
			);
		};
/* End PBXProject section */

/* Begin PBXResourcesBuildPhase section */
		18353CCC28AD39790067E393 /* Resources */ = {
			isa = PBXResourcesBuildPhase;
			buildActionMask = 2147483647;
			files = (
				18353CF228AD46170067E393 /* RowCell.xib in Resources */,
				18353CDE28AD397C0067E393 /* LaunchScreen.storyboard in Resources */,
				18353CDB28AD397C0067E393 /* Assets.xcassets in Resources */,
				18353CD928AD39790067E393 /* Main.storyboard in Resources */,
				18353CF828AD46970067E393 /* RoundedCell.xib in Resources */,
			);
			runOnlyForDeploymentPostprocessing = 0;
		};
/* End PBXResourcesBuildPhase section */

/* Begin PBXSourcesBuildPhase section */
		18353CCA28AD39790067E393 /* Sources */ = {
			isa = PBXSourcesBuildPhase;
			buildActionMask = 2147483647;
			files = (
				18353CD628AD39790067E393 /* ViewController.swift in Sources */,
				18353CF728AD46970067E393 /* RoundedCell.swift in Sources */,
				18353CEB28AD3F310067E393 /* MainVM.swift in Sources */,
				18353CFA28AD4BB70067E393 /* ColorModel.swift in Sources */,
				18353CF128AD46170067E393 /* RowCell.swift in Sources */,
				18353CE728AD3C260067E393 /* UpdatedNumVC.swift in Sources */,
				18353CFC28AD52810067E393 /* ColorDetailVC.swift in Sources */,
				18353CD228AD39790067E393 /* AppDelegate.swift in Sources */,
				18353CD428AD39790067E393 /* SceneDelegate.swift in Sources */,
			);
			runOnlyForDeploymentPostprocessing = 0;
		};
/* End PBXSourcesBuildPhase section */

/* Begin PBXVariantGroup section */
		18353CD728AD39790067E393 /* Main.storyboard */ = {
			isa = PBXVariantGroup;
			children = (
				18353CD828AD39790067E393 /* Base */,
			);
			name = Main.storyboard;
			sourceTree = "<group>";
		};
		18353CDC28AD397C0067E393 /* LaunchScreen.storyboard */ = {
			isa = PBXVariantGroup;
			children = (
				18353CDD28AD397C0067E393 /* Base */,
			);
			name = LaunchScreen.storyboard;
			sourceTree = "<group>";
		};
/* End PBXVariantGroup section */

/* Begin XCBuildConfiguration section */
		18353CE028AD397C0067E393 /* Debug */ = {
			isa = XCBuildConfiguration;
			buildSettings = {
				ALWAYS_SEARCH_USER_PATHS = NO;
				CLANG_ANALYZER_NONNULL = YES;
				CLANG_ANALYZER_NUMBER_OBJECT_CONVERSION = YES_AGGRESSIVE;
				CLANG_CXX_LANGUAGE_STANDARD = "gnu++17";
				CLANG_ENABLE_MODULES = YES;
				CLANG_ENABLE_OBJC_ARC = YES;
				CLANG_ENABLE_OBJC_WEAK = YES;
				CLANG_WARN_BLOCK_CAPTURE_AUTORELEASING = YES;
				CLANG_WARN_BOOL_CONVERSION = YES;
				CLANG_WARN_COMMA = YES;
				CLANG_WARN_CONSTANT_CONVERSION = YES;
				CLANG_WARN_DEPRECATED_OBJC_IMPLEMENTATIONS = YES;
				CLANG_WARN_DIRECT_OBJC_ISA_USAGE = YES_ERROR;
				CLANG_WARN_DOCUMENTATION_COMMENTS = YES;
				CLANG_WARN_EMPTY_BODY = YES;
				CLANG_WARN_ENUM_CONVERSION = YES;
				CLANG_WARN_INFINITE_RECURSION = YES;
				CLANG_WARN_INT_CONVERSION = YES;
				CLANG_WARN_NON_LITERAL_NULL_CONVERSION = YES;
				CLANG_WARN_OBJC_IMPLICIT_RETAIN_SELF = YES;
				CLANG_WARN_OBJC_LITERAL_CONVERSION = YES;
				CLANG_WARN_OBJC_ROOT_CLASS = YES_ERROR;
				CLANG_WARN_QUOTED_INCLUDE_IN_FRAMEWORK_HEADER = YES;
				CLANG_WARN_RANGE_LOOP_ANALYSIS = YES;
				CLANG_WARN_STRICT_PROTOTYPES = YES;
				CLANG_WARN_SUSPICIOUS_MOVE = YES;
				CLANG_WARN_UNGUARDED_AVAILABILITY = YES_AGGRESSIVE;
				CLANG_WARN_UNREACHABLE_CODE = YES;
				CLANG_WARN__DUPLICATE_METHOD_MATCH = YES;
				COPY_PHASE_STRIP = NO;
				DEBUG_INFORMATION_FORMAT = dwarf;
				ENABLE_STRICT_OBJC_MSGSEND = YES;
				ENABLE_TESTABILITY = YES;
				GCC_C_LANGUAGE_STANDARD = gnu11;
				GCC_DYNAMIC_NO_PIC = NO;
				GCC_NO_COMMON_BLOCKS = YES;
				GCC_OPTIMIZATION_LEVEL = 0;
				GCC_PREPROCESSOR_DEFINITIONS = (
					"DEBUG=1",
					"$(inherited)",
				);
				GCC_WARN_64_TO_32_BIT_CONVERSION = YES;
				GCC_WARN_ABOUT_RETURN_TYPE = YES_ERROR;
				GCC_WARN_UNDECLARED_SELECTOR = YES;
				GCC_WARN_UNINITIALIZED_AUTOS = YES_AGGRESSIVE;
				GCC_WARN_UNUSED_FUNCTION = YES;
				GCC_WARN_UNUSED_VARIABLE = YES;
				IPHONEOS_DEPLOYMENT_TARGET = 13.0;
				MTL_ENABLE_DEBUG_INFO = INCLUDE_SOURCE;
				MTL_FAST_MATH = YES;
				ONLY_ACTIVE_ARCH = YES;
				SDKROOT = iphoneos;
				SWIFT_ACTIVE_COMPILATION_CONDITIONS = DEBUG;
				SWIFT_OPTIMIZATION_LEVEL = "-Onone";
			};
			name = Debug;
		};
		18353CE128AD397C0067E393 /* Release */ = {
			isa = XCBuildConfiguration;
			buildSettings = {
				ALWAYS_SEARCH_USER_PATHS = NO;
				CLANG_ANALYZER_NONNULL = YES;
				CLANG_ANALYZER_NUMBER_OBJECT_CONVERSION = YES_AGGRESSIVE;
				CLANG_CXX_LANGUAGE_STANDARD = "gnu++17";
				CLANG_ENABLE_MODULES = YES;
				CLANG_ENABLE_OBJC_ARC = YES;
				CLANG_ENABLE_OBJC_WEAK = YES;
				CLANG_WARN_BLOCK_CAPTURE_AUTORELEASING = YES;
				CLANG_WARN_BOOL_CONVERSION = YES;
				CLANG_WARN_COMMA = YES;
				CLANG_WARN_CONSTANT_CONVERSION = YES;
				CLANG_WARN_DEPRECATED_OBJC_IMPLEMENTATIONS = YES;
				CLANG_WARN_DIRECT_OBJC_ISA_USAGE = YES_ERROR;
				CLANG_WARN_DOCUMENTATION_COMMENTS = YES;
				CLANG_WARN_EMPTY_BODY = YES;
				CLANG_WARN_ENUM_CONVERSION = YES;
				CLANG_WARN_INFINITE_RECURSION = YES;
				CLANG_WARN_INT_CONVERSION = YES;
				CLANG_WARN_NON_LITERAL_NULL_CONVERSION = YES;
				CLANG_WARN_OBJC_IMPLICIT_RETAIN_SELF = YES;
				CLANG_WARN_OBJC_LITERAL_CONVERSION = YES;
				CLANG_WARN_OBJC_ROOT_CLASS = YES_ERROR;
				CLANG_WARN_QUOTED_INCLUDE_IN_FRAMEWORK_HEADER = YES;
				CLANG_WARN_RANGE_LOOP_ANALYSIS = YES;
				CLANG_WARN_STRICT_PROTOTYPES = YES;
				CLANG_WARN_SUSPICIOUS_MOVE = YES;
				CLANG_WARN_UNGUARDED_AVAILABILITY = YES_AGGRESSIVE;
				CLANG_WARN_UNREACHABLE_CODE = YES;
				CLANG_WARN__DUPLICATE_METHOD_MATCH = YES;
				COPY_PHASE_STRIP = NO;
				DEBUG_INFORMATION_FORMAT = "dwarf-with-dsym";
				ENABLE_NS_ASSERTIONS = NO;
				ENABLE_STRICT_OBJC_MSGSEND = YES;
				GCC_C_LANGUAGE_STANDARD = gnu11;
				GCC_NO_COMMON_BLOCKS = YES;
				GCC_WARN_64_TO_32_BIT_CONVERSION = YES;
				GCC_WARN_ABOUT_RETURN_TYPE = YES_ERROR;
				GCC_WARN_UNDECLARED_SELECTOR = YES;
				GCC_WARN_UNINITIALIZED_AUTOS = YES_AGGRESSIVE;
				GCC_WARN_UNUSED_FUNCTION = YES;
				GCC_WARN_UNUSED_VARIABLE = YES;
				IPHONEOS_DEPLOYMENT_TARGET = 13.0;
				MTL_ENABLE_DEBUG_INFO = NO;
				MTL_FAST_MATH = YES;
				SDKROOT = iphoneos;
				SWIFT_COMPILATION_MODE = wholemodule;
				SWIFT_OPTIMIZATION_LEVEL = "-O";
				VALIDATE_PRODUCT = YES;
			};
			name = Release;
		};
		18353CE328AD397C0067E393 /* Debug */ = {
			isa = XCBuildConfiguration;
			buildSettings = {
				ASSETCATALOG_COMPILER_APPICON_NAME = AppIcon;
				ASSETCATALOG_COMPILER_GLOBAL_ACCENT_COLOR_NAME = AccentColor;
				CODE_SIGN_STYLE = Automatic;
				CURRENT_PROJECT_VERSION = 1;
				GENERATE_INFOPLIST_FILE = YES;
				INFOPLIST_FILE = NeoSoft/Info.plist;
				INFOPLIST_KEY_UIApplicationSupportsIndirectInputEvents = YES;
				INFOPLIST_KEY_UILaunchStoryboardName = LaunchScreen;
				INFOPLIST_KEY_UIMainStoryboardFile = Main;
				INFOPLIST_KEY_UISupportedInterfaceOrientations_iPad = "UIInterfaceOrientationPortrait UIInterfaceOrientationPortraitUpsideDown UIInterfaceOrientationLandscapeLeft UIInterfaceOrientationLandscapeRight";
				INFOPLIST_KEY_UISupportedInterfaceOrientations_iPhone = "UIInterfaceOrientationPortrait UIInterfaceOrientationLandscapeLeft UIInterfaceOrientationLandscapeRight";
				LD_RUNPATH_SEARCH_PATHS = (
					"$(inherited)",
					"@executable_path/Frameworks",
				);
				MARKETING_VERSION = 1.0;
				PRODUCT_BUNDLE_IDENTIFIER = com.app.NeoSoft;
				PRODUCT_NAME = "$(TARGET_NAME)";
				SWIFT_EMIT_LOC_STRINGS = YES;
				SWIFT_VERSION = 5.0;
				TARGETED_DEVICE_FAMILY = "1,2";
			};
			name = Debug;
		};
		18353CE428AD397C0067E393 /* Release */ = {
			isa = XCBuildConfiguration;
			buildSettings = {
				ASSETCATALOG_COMPILER_APPICON_NAME = AppIcon;
				ASSETCATALOG_COMPILER_GLOBAL_ACCENT_COLOR_NAME = AccentColor;
				CODE_SIGN_STYLE = Automatic;
				CURRENT_PROJECT_VERSION = 1;
				GENERATE_INFOPLIST_FILE = YES;
				INFOPLIST_FILE = NeoSoft/Info.plist;
				INFOPLIST_KEY_UIApplicationSupportsIndirectInputEvents = YES;
				INFOPLIST_KEY_UILaunchStoryboardName = LaunchScreen;
				INFOPLIST_KEY_UIMainStoryboardFile = Main;
				INFOPLIST_KEY_UISupportedInterfaceOrientations_iPad = "UIInterfaceOrientationPortrait UIInterfaceOrientationPortraitUpsideDown UIInterfaceOrientationLandscapeLeft UIInterfaceOrientationLandscapeRight";
				INFOPLIST_KEY_UISupportedInterfaceOrientations_iPhone = "UIInterfaceOrientationPortrait UIInterfaceOrientationLandscapeLeft UIInterfaceOrientationLandscapeRight";
				LD_RUNPATH_SEARCH_PATHS = (
					"$(inherited)",
					"@executable_path/Frameworks",
				);
				MARKETING_VERSION = 1.0;
				PRODUCT_BUNDLE_IDENTIFIER = com.app.NeoSoft;
				PRODUCT_NAME = "$(TARGET_NAME)";
				SWIFT_EMIT_LOC_STRINGS = YES;
				SWIFT_VERSION = 5.0;
				TARGETED_DEVICE_FAMILY = "1,2";
			};
			name = Release;
		};
/* End XCBuildConfiguration section */

/* Begin XCConfigurationList section */
		18353CC928AD39790067E393 /* Build configuration list for PBXProject "NeoSoft" */ = {
			isa = XCConfigurationList;
			buildConfigurations = (
				18353CE028AD397C0067E393 /* Debug */,
				18353CE128AD397C0067E393 /* Release */,
			);
			defaultConfigurationIsVisible = 0;
			defaultConfigurationName = Release;
		};
		18353CE228AD397C0067E393 /* Build configuration list for PBXNativeTarget "NeoSoft" */ = {
			isa = XCConfigurationList;
			buildConfigurations = (
				18353CE328AD397C0067E393 /* Debug */,
				18353CE428AD397C0067E393 /* Release */,
			);
			defaultConfigurationIsVisible = 0;
			defaultConfigurationName = Release;
		};
/* End XCConfigurationList section */
	};
	rootObject = 18353CC628AD39790067E393 /* Project object */;
}
